
Microsoft Visual Studio Solution File, Format Version 12.00
# Visual Studio Version 17
VisualStudioVersion = 17.5.002.0
MinimumVisualStudioVersion = 10.0.40219.1
Project("{9A19103F-16F7-4668-BE54-9A1E7A4F7556}") = "program005-minmax", "program005-minmax.csproj", "{26D7FF57-BE7A-4635-96FA-08F776014679}"
EndProject
Global
	GlobalSection(SolutionConfigurationPlatforms) = preSolution
		Debug|Any CPU = Debug|Any CPU
		Release|Any CPU = Release|Any CPU
	EndGlobalSection
	GlobalSection(ProjectConfigurationPlatforms) = postSolution
		{26D7FF57-BE7A-4635-96FA-08F776014679}.Debug|Any CPU.ActiveCfg = Debug|Any CPU
		{26D7FF57-BE7A-4635-96FA-08F776014679}.Debug|Any CPU.Build.0 = Debug|Any CPU
		{26D7FF57-BE7A-4635-96FA-08F776014679}.Release|Any CPU.ActiveCfg = Release|Any CPU
		{26D7FF57-BE7A-4635-96FA-08F776014679}.Release|Any CPU.Build.0 = Release|Any CPU
	EndGlobalSection
	GlobalSection(SolutionProperties) = preSolution
		HideSolutionNode = FALSE
	EndGlobalSection
	GlobalSection(ExtensibilityGlobals) = postSolution
		SolutionGuid = {DC64582D-0DC2-48FF-8136-79AC2C38BBD8}
	EndGlobalSection
EndGlobal
